
Microsoft Visual Studio Solution File, Format Version 12.00
Project("{FAE04EC0-301F-11D3-BF4B-00C04F79EFBC}") = "AutoTableCsharp", "AutoTableCsharp\AutoTableCsharp.csproj", "{29DAACCB-5393-4646-B962-BB2A42250CE7}"
EndProject
Global
	GlobalSection(SolutionConfigurationPlatforms) = preSolution
		Debug|Any CPU = Debug|Any CPU
		Release|Any CPU = Release|Any CPU
	EndGlobalSection
	GlobalSection(ProjectConfigurationPlatforms) = postSolution
		{29DAACCB-5393-4646-B962-BB2A42250CE7}.Debug|Any CPU.ActiveCfg = Debug|Any CPU
		{29DAACCB-5393-4646-B962-BB2A42250CE7}.Debug|Any CPU.Build.0 = Debug|Any CPU
		{29DAACCB-5393-4646-B962-BB2A42250CE7}.Release|Any CPU.ActiveCfg = Release|Any CPU
		{29DAACCB-5393-4646-B962-BB2A42250CE7}.Release|Any CPU.Build.0 = Release|Any CPU
	EndGlobalSection
EndGlobal
